
Microsoft Visual Studio Solution File, Format Version 12.00
# Visual Studio Version 17
VisualStudioVersion = 17.9.34701.34
MinimumVisualStudioVersion = 10.0.40219.1
Project("{FAE04EC0-301F-11D3-BF4B-00C04F79EFBC}") = "karar yapıları", "..\karar yapıları\karar yapıları.csproj", "{C3698AC7-3C1A-4054-8158-F358E0E247CB}"
EndProject
Project("{FAE04EC0-301F-11D3-BF4B-00C04F79EFBC}") = "mini atm uygulaması", "..\mini atm uygulaması\mini atm uygulaması.csproj", "{0FF47B7E-AB7B-443C-A494-5EDC9DCBA02B}"
EndProject
Project("{FAE04EC0-301F-11D3-BF4B-00C04F79EFBC}") = "Beden Kitle endexi Projesi", "..\Beden Kitle endexi Projesi\Beden Kitle endexi Projesi.csproj", "{1618B5DF-A4C4-4D78-87D4-0F8A74826F2C}"
EndProject
Project("{FAE04EC0-301F-11D3-BF4B-00C04F79EFBC}") = "switch case ile atm uygulaması", "..\switch case ile atm uygulaması\switch case ile atm uygulaması.csproj", "{F0B8FC63-3F14-4DF8-908E-366996CF9411}"
EndProject
Project("{FAE04EC0-301F-11D3-BF4B-00C04F79EFBC}") = "iç içe for örnek", "..\iç içe for örnek\iç içe for örnek.csproj", "{8C2A62DF-5BFC-4961-A7A2-FFF7BC969491}"
EndProject
Project("{FAE04EC0-301F-11D3-BF4B-00C04F79EFBC}") = "While örnekleri", "..\While örnekleri\While örnekleri.csproj", "{D62F736E-28C0-4BF3-8DFC-6D4F0D9C0591}"
EndProject
Project("{FAE04EC0-301F-11D3-BF4B-00C04F79EFBC}") = "Break contunie", "..\Break contunie\Break contunie.csproj", "{6769107B-212D-4E23-AC2C-2C6544DF845E}"
EndProject
Project("{FAE04EC0-301F-11D3-BF4B-00C04F79EFBC}") = "login uygulaması", "..\login uygulaması\login uygulaması.csproj", "{58D8A357-0E9F-4103-88DA-B947AECF9DCC}"
EndProject
Project("{FAE04EC0-301F-11D3-BF4B-00C04F79EFBC}") = "Diziler", "..\Diziler\Diziler.csproj", "{335ED2A0-2432-413E-ACAE-47F1069E83CA}"
EndProject
Project("{FAE04EC0-301F-11D3-BF4B-00C04F79EFBC}") = "Dizi örnek1", "..\Dizi örnek1\Dizi örnek1.csproj", "{AD232B49-43D8-49FE-83B5-C9945205DDF0}"
EndProject
Project("{FAE04EC0-301F-11D3-BF4B-00C04F79EFBC}") = "Dizi örnek 2", "..\Dizi örnek 2\Dizi örnek 2.csproj", "{3F1C9951-2EE4-44F0-B5BF-0CAA47D93569}"
EndProject
Project("{FAE04EC0-301F-11D3-BF4B-00C04F79EFBC}") = "metotların tanımı", "..\metotların tanımı\metotların tanımı.csproj", "{EBB0F0C4-966F-4545-BD31-E70B285F43EA}"
EndProject
Project("{FAE04EC0-301F-11D3-BF4B-00C04F79EFBC}") = "Diziler return pratik", "..\Diziler return pratik\Diziler return pratik.csproj", "{EBC64472-A142-4B50-8317-5C41A9BF9D46}"
EndProject
Project("{FAE04EC0-301F-11D3-BF4B-00C04F79EFBC}") = "class oluşturma ve obje türetme", "..\class oluşturma ve obje türetme\class oluşturma ve obje türetme.csproj", "{CCABB908-C277-4D24-9D42-199FF0B06A9D}"
EndProject
Project("{FAE04EC0-301F-11D3-BF4B-00C04F79EFBC}") = "class örnek 1", "..\class örnek 1\class örnek 1.csproj", "{44DD7B8C-8B4B-4730-A43A-034D9E6F9AF1}"
EndProject
Project("{FAE04EC0-301F-11D3-BF4B-00C04F79EFBC}") = "Kapsülleme", "..\Kapsülleme\Kapsülleme.csproj", "{D8FFCF15-3FAB-4006-94A3-2BC0F49F536A}"
EndProject
Project("{FAE04EC0-301F-11D3-BF4B-00C04F79EFBC}") = "Property kavramı", "..\Property kavramı\Property kavramı.csproj", "{3E0BAB71-CD66-43C7-8DFB-5C05BCB6C015}"
EndProject
Project("{FAE04EC0-301F-11D3-BF4B-00C04F79EFBC}") = "kapsülleme pratik", "..\kapsülleme pratik\kapsülleme pratik.csproj", "{D2DEEA32-CA6C-4F1B-9505-0A60BF3D59B4}"
EndProject
Project("{FAE04EC0-301F-11D3-BF4B-00C04F79EFBC}") = "Cİnema örneği", "..\Cİnema örneği\Cİnema örneği.csproj", "{46235E6D-F49F-42B0-ADC4-DD9BFFB32948}"
EndProject
Project("{FAE04EC0-301F-11D3-BF4B-00C04F79EFBC}") = "Static Metot ve Değişken kullanımı", "..\Static Metot ve Değişken kullanımı\Static Metot ve Değişken kullanımı.csproj", "{6E5C7E0C-87CD-4150-B9E6-20F598F3267D}"
EndProject
Project("{FAE04EC0-301F-11D3-BF4B-00C04F79EFBC}") = "Static değişken kullanımı", "..\Static değişken kullanımı\Static değişken kullanımı.csproj", "{CBE3894C-6CE8-421A-A116-4A860ADF4B49}"
EndProject
Project("{FAE04EC0-301F-11D3-BF4B-00C04F79EFBC}") = "Static Yapıcı Metot kullanımı", "..\Static Yapıcı Metot kullanımı\Static Yapıcı Metot kullanımı.csproj", "{C66B555C-2466-4973-96BD-DD9BB81A8B01}"
EndProject
Project("{FAE04EC0-301F-11D3-BF4B-00C04F79EFBC}") = "ArrayList", "..\ArrayList\ArrayList.csproj", "{BE5F1D23-13E8-4E9A-BB61-FE779EBD99F1}"
EndProject
Project("{FAE04EC0-301F-11D3-BF4B-00C04F79EFBC}") = "Erişim belirleyiciler", "..\Erişim belirleyiciler\Erişim belirleyiciler.csproj", "{551F3864-C7AC-4FF7-9612-FF59B61BCE5B}"
EndProject
Project("{FAE04EC0-301F-11D3-BF4B-00C04F79EFBC}") = "inheritance", "..\inheritance\inheritance.csproj", "{4BE85A20-6FF5-4BA3-8472-16C87150C45D}"
EndProject
Project("{FAE04EC0-301F-11D3-BF4B-00C04F79EFBC}") = "inheritance örnek1", "..\inheritance örnek1\inheritance örnek1.csproj", "{50CBDC10-8192-4208-B670-906A0B7B4F8B}"
EndProject
Project("{FAE04EC0-301F-11D3-BF4B-00C04F79EFBC}") = "inheritance örnek2", "..\inheritance örnek2\inheritance örnek2.csproj", "{59516CD4-9A31-49DB-A69E-7957F96F59B3}"
EndProject
Project("{FAE04EC0-301F-11D3-BF4B-00C04F79EFBC}") = "polymorphism", "..\polymorphism\polymorphism.csproj", "{4FB25D8B-2ADA-4541-B4B7-056F122E6B4C}"
EndProject
Project("{FAE04EC0-301F-11D3-BF4B-00C04F79EFBC}") = "polymorphism örnek 1", "..\polymorphism örnek 1\polymorphism örnek 1.csproj", "{B814FBD2-5D77-432B-A58D-A8537478DF58}"
EndProject
Project("{FAE04EC0-301F-11D3-BF4B-00C04F79EFBC}") = "interface", "..\interface\interface.csproj", "{F3A584C1-C3D7-4A18-815D-518900FA1302}"
EndProject
Project("{FAE04EC0-301F-11D3-BF4B-00C04F79EFBC}") = "İnterface kullanımı nedeni", "..\İnterface kullanımı nedeni\İnterface kullanımı nedeni.csproj", "{FEDB7DFC-8D89-43CF-AD33-D6372EF2CFE4}"
EndProject
Project("{FAE04EC0-301F-11D3-BF4B-00C04F79EFBC}") = "polymorphism örnek2", "..\polymorphism örnek2\polymorphism örnek2.csproj", "{71903FB2-A22E-48DC-A545-22647D8DA21D}"
EndProject
Project("{2150E333-8FDC-42A3-9474-1A3956D46DE8}") = "polymorphism örnekleri", "polymorphism örnekleri", "{BB7F8A2B-B356-4CAF-8D0C-3132FDBE6CC5}"
EndProject
Project("{FAE04EC0-301F-11D3-BF4B-00C04F79EFBC}") = "ödeme sistemleri", "..\ödeme sistemleri\ödeme sistemleri.csproj", "{15AAEE5A-6589-4E10-BB38-D875532488D2}"
EndProject
Project("{FAE04EC0-301F-11D3-BF4B-00C04F79EFBC}") = "abstract classlar", "..\abstract classlar\abstract classlar.csproj", "{AEE7A3A9-8F57-49C0-BD6B-4F2992958BCA}"
EndProject
Project("{FAE04EC0-301F-11D3-BF4B-00C04F79EFBC}") = "Abstract class örnek1", "..\Abstract class örnek1\Abstract class örnek1.csproj", "{0586322A-DFB6-40B0-9E9D-69994B079FB6}"
EndProject
Project("{2150E333-8FDC-42A3-9474-1A3956D46DE8}") = "abstract class örnekleri", "abstract class örnekleri", "{66931F69-95A1-48E1-9C81-EC1FE4A7AFC6}"
EndProject
Project("{FAE04EC0-301F-11D3-BF4B-00C04F79EFBC}") = "hayvanat bahçesi uygulaması", "..\hayvanat bahçesi uygulaması\hayvanat bahçesi uygulaması.csproj", "{0178D07F-6750-42D2-8EF9-C1375E71CE78}"
EndProject
Project("{FAE04EC0-301F-11D3-BF4B-00C04F79EFBC}") = "odeme yöntemleri uygulaması", "..\odeme yöntemleri uygulaması\odeme yöntemleri uygulaması.csproj", "{11CDD13F-BB35-4773-9CB9-0CBAFFB8F316}"
EndProject
Project("{FAE04EC0-301F-11D3-BF4B-00C04F79EFBC}") = "Enum yapısı", "..\Enum yapısı\Enum yapısı.csproj", "{FAC5B5CA-9BB8-4CCB-AC5F-6A2828AC08E3}"
EndProject
Project("{FAE04EC0-301F-11D3-BF4B-00C04F79EFBC}") = "Enum Örnek1", "..\Enum Örnek1\Enum Örnek1.csproj", "{BD5E37B9-DA0F-4310-B519-216401C4F487}"
EndProject
Global
	GlobalSection(SolutionConfigurationPlatforms) = preSolution
		Debug|Any CPU = Debug|Any CPU
		Release|Any CPU = Release|Any CPU
	EndGlobalSection
	GlobalSection(ProjectConfigurationPlatforms) = postSolution
		{C3698AC7-3C1A-4054-8158-F358E0E247CB}.Debug|Any CPU.ActiveCfg = Debug|Any CPU
		{C3698AC7-3C1A-4054-8158-F358E0E247CB}.Debug|Any CPU.Build.0 = Debug|Any CPU
		{C3698AC7-3C1A-4054-8158-F358E0E247CB}.Release|Any CPU.ActiveCfg = Release|Any CPU
		{C3698AC7-3C1A-4054-8158-F358E0E247CB}.Release|Any CPU.Build.0 = Release|Any CPU
		{0FF47B7E-AB7B-443C-A494-5EDC9DCBA02B}.Debug|Any CPU.ActiveCfg = Debug|Any CPU
		{0FF47B7E-AB7B-443C-A494-5EDC9DCBA02B}.Debug|Any CPU.Build.0 = Debug|Any CPU
		{0FF47B7E-AB7B-443C-A494-5EDC9DCBA02B}.Release|Any CPU.ActiveCfg = Release|Any CPU
		{0FF47B7E-AB7B-443C-A494-5EDC9DCBA02B}.Release|Any CPU.Build.0 = Release|Any CPU
		{1618B5DF-A4C4-4D78-87D4-0F8A74826F2C}.Debug|Any CPU.ActiveCfg = Debug|Any CPU
		{1618B5DF-A4C4-4D78-87D4-0F8A74826F2C}.Debug|Any CPU.Build.0 = Debug|Any CPU
		{1618B5DF-A4C4-4D78-87D4-0F8A74826F2C}.Release|Any CPU.ActiveCfg = Release|Any CPU
		{1618B5DF-A4C4-4D78-87D4-0F8A74826F2C}.Release|Any CPU.Build.0 = Release|Any CPU
		{F0B8FC63-3F14-4DF8-908E-366996CF9411}.Debug|Any CPU.ActiveCfg = Debug|Any CPU
		{F0B8FC63-3F14-4DF8-908E-366996CF9411}.Debug|Any CPU.Build.0 = Debug|Any CPU
		{F0B8FC63-3F14-4DF8-908E-366996CF9411}.Release|Any CPU.ActiveCfg = Release|Any CPU
		{F0B8FC63-3F14-4DF8-908E-366996CF9411}.Release|Any CPU.Build.0 = Release|Any CPU
		{8C2A62DF-5BFC-4961-A7A2-FFF7BC969491}.Debug|Any CPU.ActiveCfg = Debug|Any CPU
		{8C2A62DF-5BFC-4961-A7A2-FFF7BC969491}.Debug|Any CPU.Build.0 = Debug|Any CPU
		{8C2A62DF-5BFC-4961-A7A2-FFF7BC969491}.Release|Any CPU.ActiveCfg = Release|Any CPU
		{8C2A62DF-5BFC-4961-A7A2-FFF7BC969491}.Release|Any CPU.Build.0 = Release|Any CPU
		{D62F736E-28C0-4BF3-8DFC-6D4F0D9C0591}.Debug|Any CPU.ActiveCfg = Debug|Any CPU
		{D62F736E-28C0-4BF3-8DFC-6D4F0D9C0591}.Debug|Any CPU.Build.0 = Debug|Any CPU
		{D62F736E-28C0-4BF3-8DFC-6D4F0D9C0591}.Release|Any CPU.ActiveCfg = Release|Any CPU
		{D62F736E-28C0-4BF3-8DFC-6D4F0D9C0591}.Release|Any CPU.Build.0 = Release|Any CPU
		{6769107B-212D-4E23-AC2C-2C6544DF845E}.Debug|Any CPU.ActiveCfg = Debug|Any CPU
		{6769107B-212D-4E23-AC2C-2C6544DF845E}.Debug|Any CPU.Build.0 = Debug|Any CPU
		{6769107B-212D-4E23-AC2C-2C6544DF845E}.Release|Any CPU.ActiveCfg = Release|Any CPU
		{6769107B-212D-4E23-AC2C-2C6544DF845E}.Release|Any CPU.Build.0 = Release|Any CPU
		{58D8A357-0E9F-4103-88DA-B947AECF9DCC}.Debug|Any CPU.ActiveCfg = Debug|Any CPU
		{58D8A357-0E9F-4103-88DA-B947AECF9DCC}.Debug|Any CPU.Build.0 = Debug|Any CPU
		{58D8A357-0E9F-4103-88DA-B947AECF9DCC}.Release|Any CPU.ActiveCfg = Release|Any CPU
		{58D8A357-0E9F-4103-88DA-B947AECF9DCC}.Release|Any CPU.Build.0 = Release|Any CPU
		{335ED2A0-2432-413E-ACAE-47F1069E83CA}.Debug|Any CPU.ActiveCfg = Debug|Any CPU
		{335ED2A0-2432-413E-ACAE-47F1069E83CA}.Debug|Any CPU.Build.0 = Debug|Any CPU
		{335ED2A0-2432-413E-ACAE-47F1069E83CA}.Release|Any CPU.ActiveCfg = Release|Any CPU
		{335ED2A0-2432-413E-ACAE-47F1069E83CA}.Release|Any CPU.Build.0 = Release|Any CPU
		{AD232B49-43D8-49FE-83B5-C9945205DDF0}.Debug|Any CPU.ActiveCfg = Debug|Any CPU
		{AD232B49-43D8-49FE-83B5-C9945205DDF0}.Debug|Any CPU.Build.0 = Debug|Any CPU
		{AD232B49-43D8-49FE-83B5-C9945205DDF0}.Release|Any CPU.ActiveCfg = Release|Any CPU
		{AD232B49-43D8-49FE-83B5-C9945205DDF0}.Release|Any CPU.Build.0 = Release|Any CPU
		{3F1C9951-2EE4-44F0-B5BF-0CAA47D93569}.Debug|Any CPU.ActiveCfg = Debug|Any CPU
		{3F1C9951-2EE4-44F0-B5BF-0CAA47D93569}.Debug|Any CPU.Build.0 = Debug|Any CPU
		{3F1C9951-2EE4-44F0-B5BF-0CAA47D93569}.Release|Any CPU.ActiveCfg = Release|Any CPU
		{3F1C9951-2EE4-44F0-B5BF-0CAA47D93569}.Release|Any CPU.Build.0 = Release|Any CPU
		{EBB0F0C4-966F-4545-BD31-E70B285F43EA}.Debug|Any CPU.ActiveCfg = Debug|Any CPU
		{EBB0F0C4-966F-4545-BD31-E70B285F43EA}.Debug|Any CPU.Build.0 = Debug|Any CPU
		{EBB0F0C4-966F-4545-BD31-E70B285F43EA}.Release|Any CPU.ActiveCfg = Release|Any CPU
		{EBB0F0C4-966F-4545-BD31-E70B285F43EA}.Release|Any CPU.Build.0 = Release|Any CPU
		{EBC64472-A142-4B50-8317-5C41A9BF9D46}.Debug|Any CPU.ActiveCfg = Debug|Any CPU
		{EBC64472-A142-4B50-8317-5C41A9BF9D46}.Debug|Any CPU.Build.0 = Debug|Any CPU
		{EBC64472-A142-4B50-8317-5C41A9BF9D46}.Release|Any CPU.ActiveCfg = Release|Any CPU
		{EBC64472-A142-4B50-8317-5C41A9BF9D46}.Release|Any CPU.Build.0 = Release|Any CPU
		{CCABB908-C277-4D24-9D42-199FF0B06A9D}.Debug|Any CPU.ActiveCfg = Debug|Any CPU
		{CCABB908-C277-4D24-9D42-199FF0B06A9D}.Debug|Any CPU.Build.0 = Debug|Any CPU
		{CCABB908-C277-4D24-9D42-199FF0B06A9D}.Release|Any CPU.ActiveCfg = Release|Any CPU
		{CCABB908-C277-4D24-9D42-199FF0B06A9D}.Release|Any CPU.Build.0 = Release|Any CPU
		{44DD7B8C-8B4B-4730-A43A-034D9E6F9AF1}.Debug|Any CPU.ActiveCfg = Debug|Any CPU
		{44DD7B8C-8B4B-4730-A43A-034D9E6F9AF1}.Debug|Any CPU.Build.0 = Debug|Any CPU
		{44DD7B8C-8B4B-4730-A43A-034D9E6F9AF1}.Release|Any CPU.ActiveCfg = Release|Any CPU
		{44DD7B8C-8B4B-4730-A43A-034D9E6F9AF1}.Release|Any CPU.Build.0 = Release|Any CPU
		{D8FFCF15-3FAB-4006-94A3-2BC0F49F536A}.Debug|Any CPU.ActiveCfg = Debug|Any CPU
		{D8FFCF15-3FAB-4006-94A3-2BC0F49F536A}.Debug|Any CPU.Build.0 = Debug|Any CPU
		{D8FFCF15-3FAB-4006-94A3-2BC0F49F536A}.Release|Any CPU.ActiveCfg = Release|Any CPU
		{D8FFCF15-3FAB-4006-94A3-2BC0F49F536A}.Release|Any CPU.Build.0 = Release|Any CPU
		{3E0BAB71-CD66-43C7-8DFB-5C05BCB6C015}.Debug|Any CPU.ActiveCfg = Debug|Any CPU
		{3E0BAB71-CD66-43C7-8DFB-5C05BCB6C015}.Debug|Any CPU.Build.0 = Debug|Any CPU
		{3E0BAB71-CD66-43C7-8DFB-5C05BCB6C015}.Release|Any CPU.ActiveCfg = Release|Any CPU
		{3E0BAB71-CD66-43C7-8DFB-5C05BCB6C015}.Release|Any CPU.Build.0 = Release|Any CPU
		{D2DEEA32-CA6C-4F1B-9505-0A60BF3D59B4}.Debug|Any CPU.ActiveCfg = Debug|Any CPU
		{D2DEEA32-CA6C-4F1B-9505-0A60BF3D59B4}.Debug|Any CPU.Build.0 = Debug|Any CPU
		{D2DEEA32-CA6C-4F1B-9505-0A60BF3D59B4}.Release|Any CPU.ActiveCfg = Release|Any CPU
		{D2DEEA32-CA6C-4F1B-9505-0A60BF3D59B4}.Release|Any CPU.Build.0 = Release|Any CPU
		{46235E6D-F49F-42B0-ADC4-DD9BFFB32948}.Debug|Any CPU.ActiveCfg = Debug|Any CPU
		{46235E6D-F49F-42B0-ADC4-DD9BFFB32948}.Debug|Any CPU.Build.0 = Debug|Any CPU
		{46235E6D-F49F-42B0-ADC4-DD9BFFB32948}.Release|Any CPU.ActiveCfg = Release|Any CPU
		{46235E6D-F49F-42B0-ADC4-DD9BFFB32948}.Release|Any CPU.Build.0 = Release|Any CPU
		{6E5C7E0C-87CD-4150-B9E6-20F598F3267D}.Debug|Any CPU.ActiveCfg = Debug|Any CPU
		{6E5C7E0C-87CD-4150-B9E6-20F598F3267D}.Debug|Any CPU.Build.0 = Debug|Any CPU
		{6E5C7E0C-87CD-4150-B9E6-20F598F3267D}.Release|Any CPU.ActiveCfg = Release|Any CPU
		{6E5C7E0C-87CD-4150-B9E6-20F598F3267D}.Release|Any CPU.Build.0 = Release|Any CPU
		{CBE3894C-6CE8-421A-A116-4A860ADF4B49}.Debug|Any CPU.ActiveCfg = Debug|Any CPU
		{CBE3894C-6CE8-421A-A116-4A860ADF4B49}.Debug|Any CPU.Build.0 = Debug|Any CPU
		{CBE3894C-6CE8-421A-A116-4A860ADF4B49}.Release|Any CPU.ActiveCfg = Release|Any CPU
		{CBE3894C-6CE8-421A-A116-4A860ADF4B49}.Release|Any CPU.Build.0 = Release|Any CPU
		{C66B555C-2466-4973-96BD-DD9BB81A8B01}.Debug|Any CPU.ActiveCfg = Debug|Any CPU
		{C66B555C-2466-4973-96BD-DD9BB81A8B01}.Debug|Any CPU.Build.0 = Debug|Any CPU
		{C66B555C-2466-4973-96BD-DD9BB81A8B01}.Release|Any CPU.ActiveCfg = Release|Any CPU
		{C66B555C-2466-4973-96BD-DD9BB81A8B01}.Release|Any CPU.Build.0 = Release|Any CPU
		{BE5F1D23-13E8-4E9A-BB61-FE779EBD99F1}.Debug|Any CPU.ActiveCfg = Debug|Any CPU
		{BE5F1D23-13E8-4E9A-BB61-FE779EBD99F1}.Debug|Any CPU.Build.0 = Debug|Any CPU
		{BE5F1D23-13E8-4E9A-BB61-FE779EBD99F1}.Release|Any CPU.ActiveCfg = Release|Any CPU
		{BE5F1D23-13E8-4E9A-BB61-FE779EBD99F1}.Release|Any CPU.Build.0 = Release|Any CPU
		{551F3864-C7AC-4FF7-9612-FF59B61BCE5B}.Debug|Any CPU.ActiveCfg = Debug|Any CPU
		{551F3864-C7AC-4FF7-9612-FF59B61BCE5B}.Debug|Any CPU.Build.0 = Debug|Any CPU
		{551F3864-C7AC-4FF7-9612-FF59B61BCE5B}.Release|Any CPU.ActiveCfg = Release|Any CPU
		{551F3864-C7AC-4FF7-9612-FF59B61BCE5B}.Release|Any CPU.Build.0 = Release|Any CPU
		{4BE85A20-6FF5-4BA3-8472-16C87150C45D}.Debug|Any CPU.ActiveCfg = Debug|Any CPU
		{4BE85A20-6FF5-4BA3-8472-16C87150C45D}.Debug|Any CPU.Build.0 = Debug|Any CPU
		{4BE85A20-6FF5-4BA3-8472-16C87150C45D}.Release|Any CPU.ActiveCfg = Release|Any CPU
		{4BE85A20-6FF5-4BA3-8472-16C87150C45D}.Release|Any CPU.Build.0 = Release|Any CPU
		{50CBDC10-8192-4208-B670-906A0B7B4F8B}.Debug|Any CPU.ActiveCfg = Debug|Any CPU
		{50CBDC10-8192-4208-B670-906A0B7B4F8B}.Debug|Any CPU.Build.0 = Debug|Any CPU
		{50CBDC10-8192-4208-B670-906A0B7B4F8B}.Release|Any CPU.ActiveCfg = Release|Any CPU
		{50CBDC10-8192-4208-B670-906A0B7B4F8B}.Release|Any CPU.Build.0 = Release|Any CPU
		{59516CD4-9A31-49DB-A69E-7957F96F59B3}.Debug|Any CPU.ActiveCfg = Debug|Any CPU
		{59516CD4-9A31-49DB-A69E-7957F96F59B3}.Debug|Any CPU.Build.0 = Debug|Any CPU
		{59516CD4-9A31-49DB-A69E-7957F96F59B3}.Release|Any CPU.ActiveCfg = Release|Any CPU
		{59516CD4-9A31-49DB-A69E-7957F96F59B3}.Release|Any CPU.Build.0 = Release|Any CPU
		{4FB25D8B-2ADA-4541-B4B7-056F122E6B4C}.Debug|Any CPU.ActiveCfg = Debug|Any CPU
		{4FB25D8B-2ADA-4541-B4B7-056F122E6B4C}.Debug|Any CPU.Build.0 = Debug|Any CPU
		{4FB25D8B-2ADA-4541-B4B7-056F122E6B4C}.Release|Any CPU.ActiveCfg = Release|Any CPU
		{4FB25D8B-2ADA-4541-B4B7-056F122E6B4C}.Release|Any CPU.Build.0 = Release|Any CPU
		{B814FBD2-5D77-432B-A58D-A8537478DF58}.Debug|Any CPU.ActiveCfg = Debug|Any CPU
		{B814FBD2-5D77-432B-A58D-A8537478DF58}.Debug|Any CPU.Build.0 = Debug|Any CPU
		{B814FBD2-5D77-432B-A58D-A8537478DF58}.Release|Any CPU.ActiveCfg = Release|Any CPU
		{B814FBD2-5D77-432B-A58D-A8537478DF58}.Release|Any CPU.Build.0 = Release|Any CPU
		{F3A584C1-C3D7-4A18-815D-518900FA1302}.Debug|Any CPU.ActiveCfg = Debug|Any CPU
		{F3A584C1-C3D7-4A18-815D-518900FA1302}.Debug|Any CPU.Build.0 = Debug|Any CPU
		{F3A584C1-C3D7-4A18-815D-518900FA1302}.Release|Any CPU.ActiveCfg = Release|Any CPU
		{F3A584C1-C3D7-4A18-815D-518900FA1302}.Release|Any CPU.Build.0 = Release|Any CPU
		{FEDB7DFC-8D89-43CF-AD33-D6372EF2CFE4}.Debug|Any CPU.ActiveCfg = Debug|Any CPU
		{FEDB7DFC-8D89-43CF-AD33-D6372EF2CFE4}.Debug|Any CPU.Build.0 = Debug|Any CPU
		{FEDB7DFC-8D89-43CF-AD33-D6372EF2CFE4}.Release|Any CPU.ActiveCfg = Release|Any CPU
		{FEDB7DFC-8D89-43CF-AD33-D6372EF2CFE4}.Release|Any CPU.Build.0 = Release|Any CPU
		{71903FB2-A22E-48DC-A545-22647D8DA21D}.Debug|Any CPU.ActiveCfg = Debug|Any CPU
		{71903FB2-A22E-48DC-A545-22647D8DA21D}.Debug|Any CPU.Build.0 = Debug|Any CPU
		{71903FB2-A22E-48DC-A545-22647D8DA21D}.Release|Any CPU.ActiveCfg = Release|Any CPU
		{71903FB2-A22E-48DC-A545-22647D8DA21D}.Release|Any CPU.Build.0 = Release|Any CPU
		{15AAEE5A-6589-4E10-BB38-D875532488D2}.Debug|Any CPU.ActiveCfg = Debug|Any CPU
		{15AAEE5A-6589-4E10-BB38-D875532488D2}.Debug|Any CPU.Build.0 = Debug|Any CPU
		{15AAEE5A-6589-4E10-BB38-D875532488D2}.Release|Any CPU.ActiveCfg = Release|Any CPU
		{15AAEE5A-6589-4E10-BB38-D875532488D2}.Release|Any CPU.Build.0 = Release|Any CPU
		{AEE7A3A9-8F57-49C0-BD6B-4F2992958BCA}.Debug|Any CPU.ActiveCfg = Debug|Any CPU
		{AEE7A3A9-8F57-49C0-BD6B-4F2992958BCA}.Debug|Any CPU.Build.0 = Debug|Any CPU
		{AEE7A3A9-8F57-49C0-BD6B-4F2992958BCA}.Release|Any CPU.ActiveCfg = Release|Any CPU
		{AEE7A3A9-8F57-49C0-BD6B-4F2992958BCA}.Release|Any CPU.Build.0 = Release|Any CPU
		{0586322A-DFB6-40B0-9E9D-69994B079FB6}.Debug|Any CPU.ActiveCfg = Debug|Any CPU
		{0586322A-DFB6-40B0-9E9D-69994B079FB6}.Debug|Any CPU.Build.0 = Debug|Any CPU
		{0586322A-DFB6-40B0-9E9D-69994B079FB6}.Release|Any CPU.ActiveCfg = Release|Any CPU
		{0586322A-DFB6-40B0-9E9D-69994B079FB6}.Release|Any CPU.Build.0 = Release|Any CPU
		{0178D07F-6750-42D2-8EF9-C1375E71CE78}.Debug|Any CPU.ActiveCfg = Debug|Any CPU
		{0178D07F-6750-42D2-8EF9-C1375E71CE78}.Debug|Any CPU.Build.0 = Debug|Any CPU
		{0178D07F-6750-42D2-8EF9-C1375E71CE78}.Release|Any CPU.ActiveCfg = Release|Any CPU
		{0178D07F-6750-42D2-8EF9-C1375E71CE78}.Release|Any CPU.Build.0 = Release|Any CPU
		{11CDD13F-BB35-4773-9CB9-0CBAFFB8F316}.Debug|Any CPU.ActiveCfg = Debug|Any CPU
		{11CDD13F-BB35-4773-9CB9-0CBAFFB8F316}.Debug|Any CPU.Build.0 = Debug|Any CPU
		{11CDD13F-BB35-4773-9CB9-0CBAFFB8F316}.Release|Any CPU.ActiveCfg = Release|Any CPU
		{11CDD13F-BB35-4773-9CB9-0CBAFFB8F316}.Release|Any CPU.Build.0 = Release|Any CPU
		{FAC5B5CA-9BB8-4CCB-AC5F-6A2828AC08E3}.Debug|Any CPU.ActiveCfg = Debug|Any CPU
		{FAC5B5CA-9BB8-4CCB-AC5F-6A2828AC08E3}.Debug|Any CPU.Build.0 = Debug|Any CPU
		{FAC5B5CA-9BB8-4CCB-AC5F-6A2828AC08E3}.Release|Any CPU.ActiveCfg = Release|Any CPU
		{FAC5B5CA-9BB8-4CCB-AC5F-6A2828AC08E3}.Release|Any CPU.Build.0 = Release|Any CPU
		{BD5E37B9-DA0F-4310-B519-216401C4F487}.Debug|Any CPU.ActiveCfg = Debug|Any CPU
		{BD5E37B9-DA0F-4310-B519-216401C4F487}.Debug|Any CPU.Build.0 = Debug|Any CPU
		{BD5E37B9-DA0F-4310-B519-216401C4F487}.Release|Any CPU.ActiveCfg = Release|Any CPU
		{BD5E37B9-DA0F-4310-B519-216401C4F487}.Release|Any CPU.Build.0 = Release|Any CPU
	EndGlobalSection
	GlobalSection(SolutionProperties) = preSolution
		HideSolutionNode = FALSE
	EndGlobalSection
	GlobalSection(NestedProjects) = preSolution
		{B814FBD2-5D77-432B-A58D-A8537478DF58} = {BB7F8A2B-B356-4CAF-8D0C-3132FDBE6CC5}
		{71903FB2-A22E-48DC-A545-22647D8DA21D} = {BB7F8A2B-B356-4CAF-8D0C-3132FDBE6CC5}
		{15AAEE5A-6589-4E10-BB38-D875532488D2} = {BB7F8A2B-B356-4CAF-8D0C-3132FDBE6CC5}
		{0178D07F-6750-42D2-8EF9-C1375E71CE78} = {66931F69-95A1-48E1-9C81-EC1FE4A7AFC6}
		{11CDD13F-BB35-4773-9CB9-0CBAFFB8F316} = {66931F69-95A1-48E1-9C81-EC1FE4A7AFC6}
	EndGlobalSection
	GlobalSection(ExtensibilityGlobals) = postSolution
		SolutionGuid = {9A9282D2-71D8-4572-AAA1-A01EF3ECF0BC}
	EndGlobalSection
EndGlobal
